// !$*UTF8*$!
{
	archiveVersion = 1;
	classes = {
	};
	objectVersion = 50;
	objects = {

/* Begin PBXBuildFile section */
		EEDB61F425CECB7000CD5BE4 /* AppDelegate.swift in Sources */ = {isa = PBXBuildFile; fileRef = EEDB61F325CECB7000CD5BE4 /* AppDelegate.swift */; };
		EEDB61F625CECB7000CD5BE4 /* SceneDelegate.swift in Sources */ = {isa = PBXBuildFile; fileRef = EEDB61F525CECB7000CD5BE4 /* SceneDelegate.swift */; };
		EEDB61F825CECB7000CD5BE4 /* ViewController.swift in Sources */ = {isa = PBXBuildFile; fileRef = EEDB61F725CECB7000CD5BE4 /* ViewController.swift */; };
		EEDB61FB25CECB7000CD5BE4 /* Main.storyboard in Resources */ = {isa = PBXBuildFile; fileRef = EEDB61F925CECB7000CD5BE4 /* Main.storyboard */; };
		EEDB61FD25CECB7200CD5BE4 /* Assets.xcassets in Resources */ = {isa = PBXBuildFile; fileRef = EEDB61FC25CECB7200CD5BE4 /* Assets.xcassets */; };
		EEDB620025CECB7200CD5BE4 /* LaunchScreen.storyboard in Resources */ = {isa = PBXBuildFile; fileRef = EEDB61FE25CECB7200CD5BE4 /* LaunchScreen.storyboard */; };
/* End PBXBuildFile section */

/* Begin PBXFileReference section */
		EEDB61F025CECB7000CD5BE4 /* Assignement_2_Block_2.app */ = {isa = PBXFileReference; explicitFileType = wrapper.application; includeInIndex = 0; path = Assignement_2_Block_2.app; sourceTree = BUILT_PRODUCTS_DIR; };
		EEDB61F325CECB7000CD5BE4 /* AppDelegate.swift */ = {isa = PBXFileReference; lastKnownFileType = sourcecode.swift; path = AppDelegate.swift; sourceTree = "<group>"; };
		EEDB61F525CECB7000CD5BE4 /* SceneDelegate.swift */ = {isa = PBXFileReference; lastKnownFileType = sourcecode.swift; path = SceneDelegate.swift; sourceTree = "<group>"; };
		EEDB61F725CECB7000CD5BE4 /* ViewController.swift */ = {isa = PBXFileReference; lastKnownFileType = sourcecode.swift; path = ViewController.swift; sourceTree = "<group>"; };
		EEDB61FA25CECB7000CD5BE4 /* Base */ = {isa = PBXFileReference; lastKnownFileType = file.storyboard; name = Base; path = Base.lproj/Main.storyboard; sourceTree = "<group>"; };
		EEDB61FC25CECB7200CD5BE4 /* Assets.xcassets */ = {isa = PBXFileReference; lastKnownFileType = folder.assetcatalog; path = Assets.xcassets; sourceTree = "<group>"; };
		EEDB61FF25CECB7200CD5BE4 /* Base */ = {isa = PBXFileReference; lastKnownFileType = file.storyboard; name = Base; path = Base.lproj/LaunchScreen.storyboard; sourceTree = "<group>"; };
		EEDB620125CECB7200CD5BE4 /* Info.plist */ = {isa = PBXFileReference; lastKnownFileType = text.plist.xml; path = Info.plist; sourceTree = "<group>"; };
/* End PBXFileReference section */

/* Begin PBXFrameworksBuildPhase section */
		EEDB61ED25CECB7000CD5BE4 /* Frameworks */ = {
			isa = PBXFrameworksBuildPhase;
			buildActionMask = 2147483647;
			files = (
			);
			runOnlyForDeploymentPostprocessing = 0;
		};
/* End PBXFrameworksBuildPhase section */

/* Begin PBXGroup section */
		EEDB61E725CECB7000CD5BE4 = {
			isa = PBXGroup;
			children = (
				EEDB61F225CECB7000CD5BE4 /* Assignement_2_Block_2 */,
				EEDB61F125CECB7000CD5BE4 /* Products */,
			);
			sourceTree = "<group>";
		};
		EEDB61F125CECB7000CD5BE4 /* Products */ = {
			isa = PBXGroup;
			children = (
				EEDB61F025CECB7000CD5BE4 /* Assignement_2_Block_2.app */,
			);
			name = Products;
			sourceTree = "<group>";
		};
		EEDB61F225CECB7000CD5BE4 /* Assignement_2_Block_2 */ = {
			isa = PBXGroup;
			children = (
				EEDB61F325CECB7000CD5BE4 /* AppDelegate.swift */,
				EEDB61F525CECB7000CD5BE4 /* SceneDelegate.swift */,
				EEDB61F725CECB7000CD5BE4 /* ViewController.swift */,
				EEDB61F925CECB7000CD5BE4 /* Main.storyboard */,
				EEDB61FC25CECB7200CD5BE4 /* Assets.xcassets */,
				EEDB61FE25CECB7200CD5BE4 /* LaunchScreen.storyboard */,
				EEDB620125CECB7200CD5BE4 /* Info.plist */,
			);
			path = Assignement_2_Block_2;
			sourceTree = "<group>";
		};
/* End PBXGroup section */

/* Begin PBXNativeTarget section */
		EEDB61EF25CECB7000CD5BE4 /* Assignement_2_Block_2 */ = {
			isa = PBXNativeTarget;
			buildConfigurationList = EEDB620425CECB7200CD5BE4 /* Build configuration list for PBXNativeTarget "Assignement_2_Block_2" */;
			buildPhases = (
				EEDB61EC25CECB7000CD5BE4 /* Sources */,
				EEDB61ED25CECB7000CD5BE4 /* Frameworks */,
				EEDB61EE25CECB7000CD5BE4 /* Resources */,
			);
			buildRules = (
			);
			dependencies = (
			);
			name = Assignement_2_Block_2;
			productName = Assignement_2_Block_2;
			productReference = EEDB61F025CECB7000CD5BE4 /* Assignement_2_Block_2.app */;
			productType = "com.apple.product-type.application";
		};
/* End PBXNativeTarget section */

/* Begin PBXProject section */
		EEDB61E825CECB7000CD5BE4 /* Project object */ = {
			isa = PBXProject;
			attributes = {
				LastSwiftUpdateCheck = 1240;
				LastUpgradeCheck = 1240;
				TargetAttributes = {
					EEDB61EF25CECB7000CD5BE4 = {
						CreatedOnToolsVersion = 12.4;
					};
				};
			};
			buildConfigurationList = EEDB61EB25CECB7000CD5BE4 /* Build configuration list for PBXProject "Assignement_2_Block_2" */;
			compatibilityVersion = "Xcode 9.3";
			developmentRegion = en;
			hasScannedForEncodings = 0;
			knownRegions = (
				en,
				Base,
			);
			mainGroup = EEDB61E725CECB7000CD5BE4;
			productRefGroup = EEDB61F125CECB7000CD5BE4 /* Products */;
			projectDirPath = "";
			projectRoot = "";
			targets = (
				EEDB61EF25CECB7000CD5BE4 /* Assignement_2_Block_2 */,
			);
		};
/* End PBXProject section */

/* Begin PBXResourcesBuildPhase section */
		EEDB61EE25CECB7000CD5BE4 /* Resources */ = {
			isa = PBXResourcesBuildPhase;
			buildActionMask = 2147483647;
			files = (
				EEDB620025CECB7200CD5BE4 /* LaunchScreen.storyboard in Resources */,
				EEDB61FD25CECB7200CD5BE4 /* Assets.xcassets in Resources */,
				EEDB61FB25CECB7000CD5BE4 /* Main.storyboard in Resources */,
			);
			runOnlyForDeploymentPostprocessing = 0;
		};
/* End PBXResourcesBuildPhase section */

/* Begin PBXSourcesBuildPhase section */
		EEDB61EC25CECB7000CD5BE4 /* Sources */ = {
			isa = PBXSourcesBuildPhase;
			buildActionMask = 2147483647;
			files = (
				EEDB61F825CECB7000CD5BE4 /* ViewController.swift in Sources */,
				EEDB61F425CECB7000CD5BE4 /* AppDelegate.swift in Sources */,
				EEDB61F625CECB7000CD5BE4 /* SceneDelegate.swift in Sources */,
			);
			runOnlyForDeploymentPostprocessing = 0;
		};
/* End PBXSourcesBuildPhase section */

/* Begin PBXVariantGroup section */
		EEDB61F925CECB7000CD5BE4 /* Main.storyboard */ = {
			isa = PBXVariantGroup;
			children = (
				EEDB61FA25CECB7000CD5BE4 /* Base */,
			);
			name = Main.storyboard;
			sourceTree = "<group>";
		};
		EEDB61FE25CECB7200CD5BE4 /* LaunchScreen.storyboard */ = {
			isa = PBXVariantGroup;
			children = (
				EEDB61FF25CECB7200CD5BE4 /* Base */,
			);
			name = LaunchScreen.storyboard;
			sourceTree = "<group>";
		};
/* End PBXVariantGroup section */

/* Begin XCBuildConfiguration section */
		EEDB620225CECB7200CD5BE4 /* Debug */ = {
			isa = XCBuildConfiguration;
			buildSettings = {
				ALWAYS_SEARCH_USER_PATHS = NO;
				CLANG_ANALYZER_NONNULL = YES;
				CLANG_ANALYZER_NUMBER_OBJECT_CONVERSION = YES_AGGRESSIVE;
				CLANG_CXX_LANGUAGE_STANDARD = "gnu++14";
				CLANG_CXX_LIBRARY = "libc++";
				CLANG_ENABLE_MODULES = YES;
				CLANG_ENABLE_OBJC_ARC = YES;
				CLANG_ENABLE_OBJC_WEAK = YES;
				CLANG_WARN_BLOCK_CAPTURE_AUTORELEASING = YES;
				CLANG_WARN_BOOL_CONVERSION = YES;
				CLANG_WARN_COMMA = YES;
				CLANG_WARN_CONSTANT_CONVERSION = YES;
				CLANG_WARN_DEPRECATED_OBJC_IMPLEMENTATIONS = YES;
				CLANG_WARN_DIRECT_OBJC_ISA_USAGE = YES_ERROR;
				CLANG_WARN_DOCUMENTATION_COMMENTS = YES;
				CLANG_WARN_EMPTY_BODY = YES;
				CLANG_WARN_ENUM_CONVERSION = YES;
				CLANG_WARN_INFINITE_RECURSION = YES;
				CLANG_WARN_INT_CONVERSION = YES;
				CLANG_WARN_NON_LITERAL_NULL_CONVERSION = YES;
				CLANG_WARN_OBJC_IMPLICIT_RETAIN_SELF = YES;
				CLANG_WARN_OBJC_LITERAL_CONVERSION = YES;
				CLANG_WARN_OBJC_ROOT_CLASS = YES_ERROR;
				CLANG_WARN_QUOTED_INCLUDE_IN_FRAMEWORK_HEADER = YES;
				CLANG_WARN_RANGE_LOOP_ANALYSIS = YES;
				CLANG_WARN_STRICT_PROTOTYPES = YES;
				CLANG_WARN_SUSPICIOUS_MOVE = YES;
				CLANG_WARN_UNGUARDED_AVAILABILITY = YES_AGGRESSIVE;
				CLANG_WARN_UNREACHABLE_CODE = YES;
				CLANG_WARN__DUPLICATE_METHOD_MATCH = YES;
				COPY_PHASE_STRIP = NO;
				DEBUG_INFORMATION_FORMAT = dwarf;
				ENABLE_STRICT_OBJC_MSGSEND = YES;
				ENABLE_TESTABILITY = YES;
				GCC_C_LANGUAGE_STANDARD = gnu11;
				GCC_DYNAMIC_NO_PIC = NO;
				GCC_NO_COMMON_BLOCKS = YES;
				GCC_OPTIMIZATION_LEVEL = 0;
				GCC_PREPROCESSOR_DEFINITIONS = (
					"DEBUG=1",
					"$(inherited)",
				);
				GCC_WARN_64_TO_32_BIT_CONVERSION = YES;
				GCC_WARN_ABOUT_RETURN_TYPE = YES_ERROR;
				GCC_WARN_UNDECLARED_SELECTOR = YES;
				GCC_WARN_UNINITIALIZED_AUTOS = YES_AGGRESSIVE;
				GCC_WARN_UNUSED_FUNCTION = YES;
				GCC_WARN_UNUSED_VARIABLE = YES;
				IPHONEOS_DEPLOYMENT_TARGET = 14.4;
				MTL_ENABLE_DEBUG_INFO = INCLUDE_SOURCE;
				MTL_FAST_MATH = YES;
				ONLY_ACTIVE_ARCH = YES;
				SDKROOT = iphoneos;
				SWIFT_ACTIVE_COMPILATION_CONDITIONS = DEBUG;
				SWIFT_OPTIMIZATION_LEVEL = "-Onone";
			};
			name = Debug;
		};
		EEDB620325CECB7200CD5BE4 /* Release */ = {
			isa = XCBuildConfiguration;
			buildSettings = {
				ALWAYS_SEARCH_USER_PATHS = NO;
				CLANG_ANALYZER_NONNULL = YES;
				CLANG_ANALYZER_NUMBER_OBJECT_CONVERSION = YES_AGGRESSIVE;
				CLANG_CXX_LANGUAGE_STANDARD = "gnu++14";
				CLANG_CXX_LIBRARY = "libc++";
				CLANG_ENABLE_MODULES = YES;
				CLANG_ENABLE_OBJC_ARC = YES;
				CLANG_ENABLE_OBJC_WEAK = YES;
				CLANG_WARN_BLOCK_CAPTURE_AUTORELEASING = YES;
				CLANG_WARN_BOOL_CONVERSION = YES;
				CLANG_WARN_COMMA = YES;
				CLANG_WARN_CONSTANT_CONVERSION = YES;
				CLANG_WARN_DEPRECATED_OBJC_IMPLEMENTATIONS = YES;
				CLANG_WARN_DIRECT_OBJC_ISA_USAGE = YES_ERROR;
				CLANG_WARN_DOCUMENTATION_COMMENTS = YES;
				CLANG_WARN_EMPTY_BODY = YES;
				CLANG_WARN_ENUM_CONVERSION = YES;
				CLANG_WARN_INFINITE_RECURSION = YES;
				CLANG_WARN_INT_CONVERSION = YES;
				CLANG_WARN_NON_LITERAL_NULL_CONVERSION = YES;
				CLANG_WARN_OBJC_IMPLICIT_RETAIN_SELF = YES;
				CLANG_WARN_OBJC_LITERAL_CONVERSION = YES;
				CLANG_WARN_OBJC_ROOT_CLASS = YES_ERROR;
				CLANG_WARN_QUOTED_INCLUDE_IN_FRAMEWORK_HEADER = YES;
				CLANG_WARN_RANGE_LOOP_ANALYSIS = YES;
				CLANG_WARN_STRICT_PROTOTYPES = YES;
				CLANG_WARN_SUSPICIOUS_MOVE = YES;
				CLANG_WARN_UNGUARDED_AVAILABILITY = YES_AGGRESSIVE;
				CLANG_WARN_UNREACHABLE_CODE = YES;
				CLANG_WARN__DUPLICATE_METHOD_MATCH = YES;
				COPY_PHASE_STRIP = NO;
				DEBUG_INFORMATION_FORMAT = "dwarf-with-dsym";
				ENABLE_NS_ASSERTIONS = NO;
				ENABLE_STRICT_OBJC_MSGSEND = YES;
				GCC_C_LANGUAGE_STANDARD = gnu11;
				GCC_NO_COMMON_BLOCKS = YES;
				GCC_WARN_64_TO_32_BIT_CONVERSION = YES;
				GCC_WARN_ABOUT_RETURN_TYPE = YES_ERROR;
				GCC_WARN_UNDECLARED_SELECTOR = YES;
				GCC_WARN_UNINITIALIZED_AUTOS = YES_AGGRESSIVE;
				GCC_WARN_UNUSED_FUNCTION = YES;
				GCC_WARN_UNUSED_VARIABLE = YES;
				IPHONEOS_DEPLOYMENT_TARGET = 14.4;
				MTL_ENABLE_DEBUG_INFO = NO;
				MTL_FAST_MATH = YES;
				SDKROOT = iphoneos;
				SWIFT_COMPILATION_MODE = wholemodule;
				SWIFT_OPTIMIZATION_LEVEL = "-O";
				VALIDATE_PRODUCT = YES;
			};
			name = Release;
		};
		EEDB620525CECB7200CD5BE4 /* Debug */ = {
			isa = XCBuildConfiguration;
			buildSettings = {
				ASSETCATALOG_COMPILER_APPICON_NAME = AppIcon;
				ASSETCATALOG_COMPILER_GLOBAL_ACCENT_COLOR_NAME = AccentColor;
				CODE_SIGN_STYLE = Automatic;
				INFOPLIST_FILE = Assignement_2_Block_2/Info.plist;
				LD_RUNPATH_SEARCH_PATHS = (
					"$(inherited)",
					"@executable_path/Frameworks",
				);
				PRODUCT_BUNDLE_IDENTIFIER = "ispetrovskyi.Assignement-2-Block-2";
				PRODUCT_NAME = "$(TARGET_NAME)";
				SWIFT_VERSION = 5.0;
				TARGETED_DEVICE_FAMILY = "1,2";
			};
			name = Debug;
		};
		EEDB620625CECB7200CD5BE4 /* Release */ = {
			isa = XCBuildConfiguration;
			buildSettings = {
				ASSETCATALOG_COMPILER_APPICON_NAME = AppIcon;
				ASSETCATALOG_COMPILER_GLOBAL_ACCENT_COLOR_NAME = AccentColor;
				CODE_SIGN_STYLE = Automatic;
				INFOPLIST_FILE = Assignement_2_Block_2/Info.plist;
				LD_RUNPATH_SEARCH_PATHS = (
					"$(inherited)",
					"@executable_path/Frameworks",
				);
				PRODUCT_BUNDLE_IDENTIFIER = "ispetrovskyi.Assignement-2-Block-2";
				PRODUCT_NAME = "$(TARGET_NAME)";
				SWIFT_VERSION = 5.0;
				TARGETED_DEVICE_FAMILY = "1,2";
			};
			name = Release;
		};
/* End XCBuildConfiguration section */

/* Begin XCConfigurationList section */
		EEDB61EB25CECB7000CD5BE4 /* Build configuration list for PBXProject "Assignement_2_Block_2" */ = {
			isa = XCConfigurationList;
			buildConfigurations = (
				EEDB620225CECB7200CD5BE4 /* Debug */,
				EEDB620325CECB7200CD5BE4 /* Release */,
			);
			defaultConfigurationIsVisible = 0;
			defaultConfigurationName = Release;
		};
		EEDB620425CECB7200CD5BE4 /* Build configuration list for PBXNativeTarget "Assignement_2_Block_2" */ = {
			isa = XCConfigurationList;
			buildConfigurations = (
				EEDB620525CECB7200CD5BE4 /* Debug */,
				EEDB620625CECB7200CD5BE4 /* Release */,
			);
			defaultConfigurationIsVisible = 0;
			defaultConfigurationName = Release;
		};
/* End XCConfigurationList section */
	};
	rootObject = EEDB61E825CECB7000CD5BE4 /* Project object */;
}
